
Microsoft Visual Studio Solution File, Format Version 12.00
# Visual Studio Version 16
VisualStudioVersion = 16.0.29926.136
MinimumVisualStudioVersion = 10.0.40219.1
Project("{FAE04EC0-301F-11D3-BF4B-00C04F79EFBC}") = "configuration1", "configuration1\configuration1.csproj", "{4C088B3F-E82C-437A-B6D6-E028FB4B04FE}"
EndProject
Global
	GlobalSection(SolutionConfigurationPlatforms) = preSolution
		Debug|Any CPU = Debug|Any CPU
		Release|Any CPU = Release|Any CPU
	EndGlobalSection
	GlobalSection(ProjectConfigurationPlatforms) = postSolution
		{4C088B3F-E82C-437A-B6D6-E028FB4B04FE}.Debug|Any CPU.ActiveCfg = Debug|Any CPU
		{4C088B3F-E82C-437A-B6D6-E028FB4B04FE}.Debug|Any CPU.Build.0 = Debug|Any CPU
		{4C088B3F-E82C-437A-B6D6-E028FB4B04FE}.Release|Any CPU.ActiveCfg = Release|Any CPU
		{4C088B3F-E82C-437A-B6D6-E028FB4B04FE}.Release|Any CPU.Build.0 = Release|Any CPU
	EndGlobalSection
	GlobalSection(SolutionProperties) = preSolution
		HideSolutionNode = FALSE
	EndGlobalSection
	GlobalSection(ExtensibilityGlobals) = postSolution
		SolutionGuid = {6A8A008A-66F9-4F36-85B7-CA0C6252BD78}
	EndGlobalSection
EndGlobal
